
Microsoft Visual Studio Solution File, Format Version 12.00
# Visual Studio 15
VisualStudioVersion = 15.0.28010.2046
MinimumVisualStudioVersion = 10.0.40219.1
Project("{FAE04EC0-301F-11D3-BF4B-00C04F79EFBC}") = "OOP lesson series", "OOP lesson series.csproj", "{5124BC11-B9EC-4265-B7FF-FBD8D15DFFA4}"
EndProject
Global
	GlobalSection(SolutionConfigurationPlatforms) = preSolution
		Debug|Any CPU = Debug|Any CPU
		Release|Any CPU = Release|Any CPU
	EndGlobalSection
	GlobalSection(ProjectConfigurationPlatforms) = postSolution
		{5124BC11-B9EC-4265-B7FF-FBD8D15DFFA4}.Debug|Any CPU.ActiveCfg = Debug|Any CPU
		{5124BC11-B9EC-4265-B7FF-FBD8D15DFFA4}.Debug|Any CPU.Build.0 = Debug|Any CPU
		{5124BC11-B9EC-4265-B7FF-FBD8D15DFFA4}.Release|Any CPU.ActiveCfg = Release|Any CPU
		{5124BC11-B9EC-4265-B7FF-FBD8D15DFFA4}.Release|Any CPU.Build.0 = Release|Any CPU
	EndGlobalSection
	GlobalSection(SolutionProperties) = preSolution
		HideSolutionNode = FALSE
	EndGlobalSection
	GlobalSection(ExtensibilityGlobals) = postSolution
		SolutionGuid = {A383ADB8-8BE1-459D-8224-78A631B4E327}
	EndGlobalSection
EndGlobal
